// !$*UTF8*$!
{
	archiveVersion = 1;
	classes = {
	};
	objectVersion = 46;
	objects = {

/* Begin PBXBuildFile section */
		AF871F281CA2F443004C752C /* GIFSet.h in Headers */ = {isa = PBXBuildFile; fileRef = AF871F271CA2F443004C752C /* GIFSet.h */; settings = {ATTRIBUTES = (Public, ); }; };
		AF871F2F1CA2F443004C752C /* GIFSet.framework in Frameworks */ = {isa = PBXBuildFile; fileRef = AF871F241CA2F443004C752C /* GIFSet.framework */; };
		AF871F341CA2F443004C752C /* GIFSetTests.m in Sources */ = {isa = PBXBuildFile; fileRef = AF871F331CA2F443004C752C /* GIFSetTests.m */; };
		AF871F691CA2F4F8004C752C /* BlockTypes.h in Headers */ = {isa = PBXBuildFile; fileRef = AF871F511CA2F4F8004C752C /* BlockTypes.h */; settings = {ATTRIBUTES = (Public, ); }; };
		AF871F6C1CA2F4F8004C752C /* ConcurrentOperation.h in Headers */ = {isa = PBXBuildFile; fileRef = AF871F551CA2F4F8004C752C /* ConcurrentOperation.h */; settings = {ATTRIBUTES = (Public, ); }; };
		AF871F6D1CA2F4F8004C752C /* ConcurrentOperation.m in Sources */ = {isa = PBXBuildFile; fileRef = AF871F561CA2F4F8004C752C /* ConcurrentOperation.m */; };
		AF871F6E1CA2F4F8004C752C /* GIFOperation.h in Headers */ = {isa = PBXBuildFile; fileRef = AF871F571CA2F4F8004C752C /* GIFOperation.h */; settings = {ATTRIBUTES = (Public, ); }; };
		AF871F6F1CA2F4F8004C752C /* GIFOperation.m in Sources */ = {isa = PBXBuildFile; fileRef = AF871F581CA2F4F8004C752C /* GIFOperation.m */; };
		AF871F701CA2F4F8004C752C /* ImageConcatenationOperation.h in Headers */ = {isa = PBXBuildFile; fileRef = AF871F591CA2F4F8004C752C /* ImageConcatenationOperation.h */; settings = {ATTRIBUTES = (Public, ); }; };
		AF871F711CA2F4F8004C752C /* ImageConcatenationOperation.m in Sources */ = {isa = PBXBuildFile; fileRef = AF871F5A1CA2F4F8004C752C /* ImageConcatenationOperation.m */; };
		AF871F721CA2F4F8004C752C /* ImageExtractionOperation.h in Headers */ = {isa = PBXBuildFile; fileRef = AF871F5B1CA2F4F8004C752C /* ImageExtractionOperation.h */; settings = {ATTRIBUTES = (Public, ); }; };
		AF871F731CA2F4F8004C752C /* ImageExtractionOperation.m in Sources */ = {isa = PBXBuildFile; fileRef = AF871F5C1CA2F4F8004C752C /* ImageExtractionOperation.m */; };
		AF871F781CA43226004C752C /* NSURL+Extensions.h in Headers */ = {isa = PBXBuildFile; fileRef = AF871F761CA43226004C752C /* NSURL+Extensions.h */; settings = {ATTRIBUTES = (Public, ); }; };
		AF871F791CA43226004C752C /* NSURL+Extensions.m in Sources */ = {isa = PBXBuildFile; fileRef = AF871F771CA43226004C752C /* NSURL+Extensions.m */; };
		AF8720691CA45879004C752C /* CompositionOperation.h in Headers */ = {isa = PBXBuildFile; fileRef = AF8720671CA45879004C752C /* CompositionOperation.h */; settings = {ATTRIBUTES = (Public, ); }; };
		AF87206A1CA45879004C752C /* CompositionOperation.m in Sources */ = {isa = PBXBuildFile; fileRef = AF8720681CA45879004C752C /* CompositionOperation.m */; };
		AF87206D1CA57A81004C752C /* AVAsset+Times.h in Headers */ = {isa = PBXBuildFile; fileRef = AF87206B1CA57A81004C752C /* AVAsset+Times.h */; settings = {ATTRIBUTES = (Public, ); }; };
		AF87206E1CA57A81004C752C /* AVAsset+Times.m in Sources */ = {isa = PBXBuildFile; fileRef = AF87206C1CA57A81004C752C /* AVAsset+Times.m */; };
		AF8720731CA6C17D004C752C /* VideoGIFFromVideoOperation.h in Headers */ = {isa = PBXBuildFile; fileRef = AF8720711CA6C17D004C752C /* VideoGIFFromVideoOperation.h */; settings = {ATTRIBUTES = (Public, ); }; };
		AF8720741CA6C17D004C752C /* VideoGIFFromVideoOperation.m in Sources */ = {isa = PBXBuildFile; fileRef = AF8720721CA6C17D004C752C /* VideoGIFFromVideoOperation.m */; };
		AF8720791CA78515004C752C /* NSFileManager+Extensions.h in Headers */ = {isa = PBXBuildFile; fileRef = AF8720771CA78515004C752C /* NSFileManager+Extensions.h */; settings = {ATTRIBUTES = (Public, ); }; };
		AF87207A1CA78515004C752C /* NSFileManager+Extensions.m in Sources */ = {isa = PBXBuildFile; fileRef = AF8720781CA78515004C752C /* NSFileManager+Extensions.m */; };
		AF8720871CA850E7004C752C /* GIFFromVideoOperation.h in Headers */ = {isa = PBXBuildFile; fileRef = AF8720851CA850E7004C752C /* GIFFromVideoOperation.h */; settings = {ATTRIBUTES = (Public, ); }; };
		AF8720881CA850E7004C752C /* GIFFromVideoOperation.m in Sources */ = {isa = PBXBuildFile; fileRef = AF8720861CA850E7004C752C /* GIFFromVideoOperation.m */; };
/* End PBXBuildFile section */

/* Begin PBXContainerItemProxy section */
		AF871F301CA2F443004C752C /* PBXContainerItemProxy */ = {
			isa = PBXContainerItemProxy;
			containerPortal = AF871F1B1CA2F443004C752C /* Project object */;
			proxyType = 1;
			remoteGlobalIDString = AF871F231CA2F443004C752C;
			remoteInfo = GIFSet;
		};
/* End PBXContainerItemProxy section */

/* Begin PBXFileReference section */
		AF871F241CA2F443004C752C /* GIFSet.framework */ = {isa = PBXFileReference; explicitFileType = wrapper.framework; includeInIndex = 0; path = GIFSet.framework; sourceTree = BUILT_PRODUCTS_DIR; };
		AF871F271CA2F443004C752C /* GIFSet.h */ = {isa = PBXFileReference; lastKnownFileType = sourcecode.c.h; path = GIFSet.h; sourceTree = "<group>"; };
		AF871F291CA2F443004C752C /* Info.plist */ = {isa = PBXFileReference; lastKnownFileType = text.plist.xml; path = Info.plist; sourceTree = "<group>"; };
		AF871F2E1CA2F443004C752C /* GIFSetTests.xctest */ = {isa = PBXFileReference; explicitFileType = wrapper.cfbundle; includeInIndex = 0; path = GIFSetTests.xctest; sourceTree = BUILT_PRODUCTS_DIR; };
		AF871F331CA2F443004C752C /* GIFSetTests.m */ = {isa = PBXFileReference; lastKnownFileType = sourcecode.c.objc; path = GIFSetTests.m; sourceTree = "<group>"; };
		AF871F351CA2F443004C752C /* Info.plist */ = {isa = PBXFileReference; lastKnownFileType = text.plist.xml; path = Info.plist; sourceTree = "<group>"; };
		AF871F511CA2F4F8004C752C /* BlockTypes.h */ = {isa = PBXFileReference; fileEncoding = 4; lastKnownFileType = sourcecode.c.h; path = BlockTypes.h; sourceTree = "<group>"; };
		AF871F551CA2F4F8004C752C /* ConcurrentOperation.h */ = {isa = PBXFileReference; fileEncoding = 4; lastKnownFileType = sourcecode.c.h; path = ConcurrentOperation.h; sourceTree = "<group>"; };
		AF871F561CA2F4F8004C752C /* ConcurrentOperation.m */ = {isa = PBXFileReference; fileEncoding = 4; lastKnownFileType = sourcecode.c.objc; path = ConcurrentOperation.m; sourceTree = "<group>"; };
		AF871F571CA2F4F8004C752C /* GIFOperation.h */ = {isa = PBXFileReference; fileEncoding = 4; lastKnownFileType = sourcecode.c.h; path = GIFOperation.h; sourceTree = "<group>"; };
		AF871F581CA2F4F8004C752C /* GIFOperation.m */ = {isa = PBXFileReference; fileEncoding = 4; lastKnownFileType = sourcecode.c.objc; path = GIFOperation.m; sourceTree = "<group>"; };
		AF871F591CA2F4F8004C752C /* ImageConcatenationOperation.h */ = {isa = PBXFileReference; fileEncoding = 4; lastKnownFileType = sourcecode.c.h; path = ImageConcatenationOperation.h; sourceTree = "<group>"; };
		AF871F5A1CA2F4F8004C752C /* ImageConcatenationOperation.m */ = {isa = PBXFileReference; fileEncoding = 4; lastKnownFileType = sourcecode.c.objc; path = ImageConcatenationOperation.m; sourceTree = "<group>"; };
		AF871F5B1CA2F4F8004C752C /* ImageExtractionOperation.h */ = {isa = PBXFileReference; fileEncoding = 4; lastKnownFileType = sourcecode.c.h; path = ImageExtractionOperation.h; sourceTree = "<group>"; };
		AF871F5C1CA2F4F8004C752C /* ImageExtractionOperation.m */ = {isa = PBXFileReference; fileEncoding = 4; lastKnownFileType = sourcecode.c.objc; path = ImageExtractionOperation.m; sourceTree = "<group>"; };
		AF871F761CA43226004C752C /* NSURL+Extensions.h */ = {isa = PBXFileReference; fileEncoding = 4; lastKnownFileType = sourcecode.c.h; path = "NSURL+Extensions.h"; sourceTree = "<group>"; };
		AF871F771CA43226004C752C /* NSURL+Extensions.m */ = {isa = PBXFileReference; fileEncoding = 4; lastKnownFileType = sourcecode.c.objc; path = "NSURL+Extensions.m"; sourceTree = "<group>"; };
		AF8720671CA45879004C752C /* CompositionOperation.h */ = {isa = PBXFileReference; fileEncoding = 4; lastKnownFileType = sourcecode.c.h; path = CompositionOperation.h; sourceTree = "<group>"; };
		AF8720681CA45879004C752C /* CompositionOperation.m */ = {isa = PBXFileReference; fileEncoding = 4; lastKnownFileType = sourcecode.c.objc; path = CompositionOperation.m; sourceTree = "<group>"; };
		AF87206B1CA57A81004C752C /* AVAsset+Times.h */ = {isa = PBXFileReference; fileEncoding = 4; lastKnownFileType = sourcecode.c.h; path = "AVAsset+Times.h"; sourceTree = "<group>"; };
		AF87206C1CA57A81004C752C /* AVAsset+Times.m */ = {isa = PBXFileReference; fileEncoding = 4; lastKnownFileType = sourcecode.c.objc; path = "AVAsset+Times.m"; sourceTree = "<group>"; };
		AF8720711CA6C17D004C752C /* VideoGIFFromVideoOperation.h */ = {isa = PBXFileReference; fileEncoding = 4; lastKnownFileType = sourcecode.c.h; path = VideoGIFFromVideoOperation.h; sourceTree = "<group>"; };
		AF8720721CA6C17D004C752C /* VideoGIFFromVideoOperation.m */ = {isa = PBXFileReference; fileEncoding = 4; lastKnownFileType = sourcecode.c.objc; path = VideoGIFFromVideoOperation.m; sourceTree = "<group>"; };
		AF8720771CA78515004C752C /* NSFileManager+Extensions.h */ = {isa = PBXFileReference; fileEncoding = 4; lastKnownFileType = sourcecode.c.h; path = "NSFileManager+Extensions.h"; sourceTree = "<group>"; };
		AF8720781CA78515004C752C /* NSFileManager+Extensions.m */ = {isa = PBXFileReference; fileEncoding = 4; lastKnownFileType = sourcecode.c.objc; path = "NSFileManager+Extensions.m"; sourceTree = "<group>"; };
		AF8720851CA850E7004C752C /* GIFFromVideoOperation.h */ = {isa = PBXFileReference; fileEncoding = 4; lastKnownFileType = sourcecode.c.h; path = GIFFromVideoOperation.h; sourceTree = "<group>"; };
		AF8720861CA850E7004C752C /* GIFFromVideoOperation.m */ = {isa = PBXFileReference; fileEncoding = 4; lastKnownFileType = sourcecode.c.objc; path = GIFFromVideoOperation.m; sourceTree = "<group>"; };
/* End PBXFileReference section */

/* Begin PBXFrameworksBuildPhase section */
		AF871F201CA2F443004C752C /* Frameworks */ = {
			isa = PBXFrameworksBuildPhase;
			buildActionMask = 2147483647;
			files = (
			);
			runOnlyForDeploymentPostprocessing = 0;
		};
		AF871F2B1CA2F443004C752C /* Frameworks */ = {
			isa = PBXFrameworksBuildPhase;
			buildActionMask = 2147483647;
			files = (
				AF871F2F1CA2F443004C752C /* GIFSet.framework in Frameworks */,
			);
			runOnlyForDeploymentPostprocessing = 0;
		};
/* End PBXFrameworksBuildPhase section */

/* Begin PBXGroup section */
		AF871F1A1CA2F443004C752C = {
			isa = PBXGroup;
			children = (
				AF871F261CA2F443004C752C /* GIFSet */,
				AF871F321CA2F443004C752C /* GIFSetTests */,
				AF871F251CA2F443004C752C /* Products */,
			);
			sourceTree = "<group>";
		};
		AF871F251CA2F443004C752C /* Products */ = {
			isa = PBXGroup;
			children = (
				AF871F241CA2F443004C752C /* GIFSet.framework */,
				AF871F2E1CA2F443004C752C /* GIFSetTests.xctest */,
			);
			name = Products;
			sourceTree = "<group>";
		};
		AF871F261CA2F443004C752C /* GIFSet */ = {
			isa = PBXGroup;
			children = (
				AF871F271CA2F443004C752C /* GIFSet.h */,
				AF871F291CA2F443004C752C /* Info.plist */,
				AF871F421CA2F4F8004C752C /* GIFSet-Source */,
			);
			path = GIFSet;
			sourceTree = "<group>";
		};
		AF871F321CA2F443004C752C /* GIFSetTests */ = {
			isa = PBXGroup;
			children = (
				AF871F331CA2F443004C752C /* GIFSetTests.m */,
				AF871F351CA2F443004C752C /* Info.plist */,
			);
			path = GIFSetTests;
			sourceTree = "<group>";
		};
		AF871F421CA2F4F8004C752C /* GIFSet-Source */ = {
			isa = PBXGroup;
			children = (
				AF871F751CA43226004C752C /* Categories */,
				AF871F501CA2F4F8004C752C /* Model */,
				AF871F541CA2F4F8004C752C /* Operations */,
			);
			name = "GIFSet-Source";
			path = "../../GIFSet-Source";
			sourceTree = "<group>";
		};
		AF871F501CA2F4F8004C752C /* Model */ = {
			isa = PBXGroup;
			children = (
				AF871F511CA2F4F8004C752C /* BlockTypes.h */,
			);
			path = Model;
			sourceTree = "<group>";
		};
		AF871F541CA2F4F8004C752C /* Operations */ = {
			isa = PBXGroup;
			children = (
				AF871F551CA2F4F8004C752C /* ConcurrentOperation.h */,
				AF871F561CA2F4F8004C752C /* ConcurrentOperation.m */,
				AF871F571CA2F4F8004C752C /* GIFOperation.h */,
				AF871F581CA2F4F8004C752C /* GIFOperation.m */,
				AF8720671CA45879004C752C /* CompositionOperation.h */,
				AF8720681CA45879004C752C /* CompositionOperation.m */,
				AF871F5B1CA2F4F8004C752C /* ImageExtractionOperation.h */,
				AF871F5C1CA2F4F8004C752C /* ImageExtractionOperation.m */,
				AF871F591CA2F4F8004C752C /* ImageConcatenationOperation.h */,
				AF871F5A1CA2F4F8004C752C /* ImageConcatenationOperation.m */,
				AF8720711CA6C17D004C752C /* VideoGIFFromVideoOperation.h */,
				AF8720721CA6C17D004C752C /* VideoGIFFromVideoOperation.m */,
				AF8720851CA850E7004C752C /* GIFFromVideoOperation.h */,
				AF8720861CA850E7004C752C /* GIFFromVideoOperation.m */,
			);
			path = Operations;
			sourceTree = "<group>";
		};
		AF871F751CA43226004C752C /* Categories */ = {
			isa = PBXGroup;
			children = (
				AF871F761CA43226004C752C /* NSURL+Extensions.h */,
				AF871F771CA43226004C752C /* NSURL+Extensions.m */,
				AF87206B1CA57A81004C752C /* AVAsset+Times.h */,
				AF87206C1CA57A81004C752C /* AVAsset+Times.m */,
				AF8720771CA78515004C752C /* NSFileManager+Extensions.h */,
				AF8720781CA78515004C752C /* NSFileManager+Extensions.m */,
			);
			path = Categories;
			sourceTree = "<group>";
		};
/* End PBXGroup section */

/* Begin PBXHeadersBuildPhase section */
		AF871F211CA2F443004C752C /* Headers */ = {
			isa = PBXHeadersBuildPhase;
			buildActionMask = 2147483647;
			files = (
				AF871F781CA43226004C752C /* NSURL+Extensions.h in Headers */,
				AF8720791CA78515004C752C /* NSFileManager+Extensions.h in Headers */,
				AF8720691CA45879004C752C /* CompositionOperation.h in Headers */,
				AF8720871CA850E7004C752C /* GIFFromVideoOperation.h in Headers */,
				AF871F721CA2F4F8004C752C /* ImageExtractionOperation.h in Headers */,
				AF871F691CA2F4F8004C752C /* BlockTypes.h in Headers */,
				AF871F281CA2F443004C752C /* GIFSet.h in Headers */,
				AF871F6E1CA2F4F8004C752C /* GIFOperation.h in Headers */,
				AF871F6C1CA2F4F8004C752C /* ConcurrentOperation.h in Headers */,
				AF871F701CA2F4F8004C752C /* ImageConcatenationOperation.h in Headers */,
				AF87206D1CA57A81004C752C /* AVAsset+Times.h in Headers */,
				AF8720731CA6C17D004C752C /* VideoGIFFromVideoOperation.h in Headers */,
			);
			runOnlyForDeploymentPostprocessing = 0;
		};
/* End PBXHeadersBuildPhase section */

/* Begin PBXNativeTarget section */
		AF871F231CA2F443004C752C /* GIFSet */ = {
			isa = PBXNativeTarget;
			buildConfigurationList = AF871F381CA2F443004C752C /* Build configuration list for PBXNativeTarget "GIFSet" */;
			buildPhases = (
				AF871F1F1CA2F443004C752C /* Sources */,
				AF871F201CA2F443004C752C /* Frameworks */,
				AF871F211CA2F443004C752C /* Headers */,
				AF871F221CA2F443004C752C /* Resources */,
			);
			buildRules = (
			);
			dependencies = (
			);
			name = GIFSet;
			productName = GIFSet;
			productReference = AF871F241CA2F443004C752C /* GIFSet.framework */;
			productType = "com.apple.product-type.framework";
		};
		AF871F2D1CA2F443004C752C /* GIFSetTests */ = {
			isa = PBXNativeTarget;
			buildConfigurationList = AF871F3B1CA2F443004C752C /* Build configuration list for PBXNativeTarget "GIFSetTests" */;
			buildPhases = (
				AF871F2A1CA2F443004C752C /* Sources */,
				AF871F2B1CA2F443004C752C /* Frameworks */,
				AF871F2C1CA2F443004C752C /* Resources */,
			);
			buildRules = (
			);
			dependencies = (
				AF871F311CA2F443004C752C /* PBXTargetDependency */,
			);
			name = GIFSetTests;
			productName = GIFSetTests;
			productReference = AF871F2E1CA2F443004C752C /* GIFSetTests.xctest */;
			productType = "com.apple.product-type.bundle.unit-test";
		};
/* End PBXNativeTarget section */

/* Begin PBXProject section */
		AF871F1B1CA2F443004C752C /* Project object */ = {
			isa = PBXProject;
			attributes = {
				LastUpgradeCheck = 0720;
				ORGANIZATIONNAME = "Alfie Hanssen";
				TargetAttributes = {
					AF871F231CA2F443004C752C = {
						CreatedOnToolsVersion = 7.2;
					};
					AF871F2D1CA2F443004C752C = {
						CreatedOnToolsVersion = 7.2;
					};
				};
			};
			buildConfigurationList = AF871F1E1CA2F443004C752C /* Build configuration list for PBXProject "GIFSet" */;
			compatibilityVersion = "Xcode 3.2";
			developmentRegion = English;
			hasScannedForEncodings = 0;
			knownRegions = (
				en,
			);
			mainGroup = AF871F1A1CA2F443004C752C;
			productRefGroup = AF871F251CA2F443004C752C /* Products */;
			projectDirPath = "";
			projectRoot = "";
			targets = (
				AF871F231CA2F443004C752C /* GIFSet */,
				AF871F2D1CA2F443004C752C /* GIFSetTests */,
			);
		};
/* End PBXProject section */

/* Begin PBXResourcesBuildPhase section */
		AF871F221CA2F443004C752C /* Resources */ = {
			isa = PBXResourcesBuildPhase;
			buildActionMask = 2147483647;
			files = (
			);
			runOnlyForDeploymentPostprocessing = 0;
		};
		AF871F2C1CA2F443004C752C /* Resources */ = {
			isa = PBXResourcesBuildPhase;
			buildActionMask = 2147483647;
			files = (
			);
			runOnlyForDeploymentPostprocessing = 0;
		};
/* End PBXResourcesBuildPhase section */

/* Begin PBXSourcesBuildPhase section */
		AF871F1F1CA2F443004C752C /* Sources */ = {
			isa = PBXSourcesBuildPhase;
			buildActionMask = 2147483647;
			files = (
				AF87206A1CA45879004C752C /* CompositionOperation.m in Sources */,
				AF871F791CA43226004C752C /* NSURL+Extensions.m in Sources */,
				AF871F711CA2F4F8004C752C /* ImageConcatenationOperation.m in Sources */,
				AF87207A1CA78515004C752C /* NSFileManager+Extensions.m in Sources */,
				AF871F6D1CA2F4F8004C752C /* ConcurrentOperation.m in Sources */,
				AF8720741CA6C17D004C752C /* VideoGIFFromVideoOperation.m in Sources */,
				AF87206E1CA57A81004C752C /* AVAsset+Times.m in Sources */,
				AF871F6F1CA2F4F8004C752C /* GIFOperation.m in Sources */,
				AF8720881CA850E7004C752C /* GIFFromVideoOperation.m in Sources */,
				AF871F731CA2F4F8004C752C /* ImageExtractionOperation.m in Sources */,
			);
			runOnlyForDeploymentPostprocessing = 0;
		};
		AF871F2A1CA2F443004C752C /* Sources */ = {
			isa = PBXSourcesBuildPhase;
			buildActionMask = 2147483647;
			files = (
				AF871F341CA2F443004C752C /* GIFSetTests.m in Sources */,
			);
			runOnlyForDeploymentPostprocessing = 0;
		};
/* End PBXSourcesBuildPhase section */

/* Begin PBXTargetDependency section */
		AF871F311CA2F443004C752C /* PBXTargetDependency */ = {
			isa = PBXTargetDependency;
			target = AF871F231CA2F443004C752C /* GIFSet */;
			targetProxy = AF871F301CA2F443004C752C /* PBXContainerItemProxy */;
		};
/* End PBXTargetDependency section */

/* Begin XCBuildConfiguration section */
		AF871F361CA2F443004C752C /* Debug */ = {
			isa = XCBuildConfiguration;
			buildSettings = {
				ALWAYS_SEARCH_USER_PATHS = NO;
				CLANG_CXX_LANGUAGE_STANDARD = "gnu++0x";
				CLANG_CXX_LIBRARY = "libc++";
				CLANG_ENABLE_MODULES = YES;
				CLANG_ENABLE_OBJC_ARC = YES;
				CLANG_WARN_BOOL_CONVERSION = YES;
				CLANG_WARN_CONSTANT_CONVERSION = YES;
				CLANG_WARN_DIRECT_OBJC_ISA_USAGE = YES_ERROR;
				CLANG_WARN_EMPTY_BODY = YES;
				CLANG_WARN_ENUM_CONVERSION = YES;
				CLANG_WARN_INT_CONVERSION = YES;
				CLANG_WARN_OBJC_ROOT_CLASS = YES_ERROR;
				CLANG_WARN_UNREACHABLE_CODE = YES;
				CLANG_WARN__DUPLICATE_METHOD_MATCH = YES;
				"CODE_SIGN_IDENTITY[sdk=iphoneos*]" = "iPhone Developer";
				COPY_PHASE_STRIP = NO;
				CURRENT_PROJECT_VERSION = 1;
				DEBUG_INFORMATION_FORMAT = dwarf;
				ENABLE_STRICT_OBJC_MSGSEND = YES;
				ENABLE_TESTABILITY = YES;
				GCC_C_LANGUAGE_STANDARD = gnu99;
				GCC_DYNAMIC_NO_PIC = NO;
				GCC_NO_COMMON_BLOCKS = YES;
				GCC_OPTIMIZATION_LEVEL = 0;
				GCC_PREPROCESSOR_DEFINITIONS = (
					"DEBUG=1",
					"$(inherited)",
				);
				GCC_WARN_64_TO_32_BIT_CONVERSION = YES;
				GCC_WARN_ABOUT_RETURN_TYPE = YES_ERROR;
				GCC_WARN_UNDECLARED_SELECTOR = YES;
				GCC_WARN_UNINITIALIZED_AUTOS = YES_AGGRESSIVE;
				GCC_WARN_UNUSED_FUNCTION = YES;
				GCC_WARN_UNUSED_VARIABLE = YES;
				IPHONEOS_DEPLOYMENT_TARGET = 9.0;
				MTL_ENABLE_DEBUG_INFO = YES;
				ONLY_ACTIVE_ARCH = YES;
				SDKROOT = iphoneos;
				TARGETED_DEVICE_FAMILY = "1,2";
				VERSIONING_SYSTEM = "apple-generic";
				VERSION_INFO_PREFIX = "";
			};
			name = Debug;
		};
		AF871F371CA2F443004C752C /* Release */ = {
			isa = XCBuildConfiguration;
			buildSettings = {
				ALWAYS_SEARCH_USER_PATHS = NO;
				CLANG_CXX_LANGUAGE_STANDARD = "gnu++0x";
				CLANG_CXX_LIBRARY = "libc++";
				CLANG_ENABLE_MODULES = YES;
				CLANG_ENABLE_OBJC_ARC = YES;
				CLANG_WARN_BOOL_CONVERSION = YES;
				CLANG_WARN_CONSTANT_CONVERSION = YES;
				CLANG_WARN_DIRECT_OBJC_ISA_USAGE = YES_ERROR;
				CLANG_WARN_EMPTY_BODY = YES;
				CLANG_WARN_ENUM_CONVERSION = YES;
				CLANG_WARN_INT_CONVERSION = YES;
				CLANG_WARN_OBJC_ROOT_CLASS = YES_ERROR;
				CLANG_WARN_UNREACHABLE_CODE = YES;
				CLANG_WARN__DUPLICATE_METHOD_MATCH = YES;
				"CODE_SIGN_IDENTITY[sdk=iphoneos*]" = "iPhone Developer";
				COPY_PHASE_STRIP = NO;
				CURRENT_PROJECT_VERSION = 1;
				DEBUG_INFORMATION_FORMAT = "dwarf-with-dsym";
				ENABLE_NS_ASSERTIONS = NO;
				ENABLE_STRICT_OBJC_MSGSEND = YES;
				GCC_C_LANGUAGE_STANDARD = gnu99;
				GCC_NO_COMMON_BLOCKS = YES;
				GCC_WARN_64_TO_32_BIT_CONVERSION = YES;
				GCC_WARN_ABOUT_RETURN_TYPE = YES_ERROR;
				GCC_WARN_UNDECLARED_SELECTOR = YES;
				GCC_WARN_UNINITIALIZED_AUTOS = YES_AGGRESSIVE;
				GCC_WARN_UNUSED_FUNCTION = YES;
				GCC_WARN_UNUSED_VARIABLE = YES;
				IPHONEOS_DEPLOYMENT_TARGET = 9.0;
				MTL_ENABLE_DEBUG_INFO = NO;
				SDKROOT = iphoneos;
				TARGETED_DEVICE_FAMILY = "1,2";
				VALIDATE_PRODUCT = YES;
				VERSIONING_SYSTEM = "apple-generic";
				VERSION_INFO_PREFIX = "";
			};
			name = Release;
		};
		AF871F391CA2F443004C752C /* Debug */ = {
			isa = XCBuildConfiguration;
			buildSettings = {
				DEFINES_MODULE = YES;
				DYLIB_COMPATIBILITY_VERSION = 1;
				DYLIB_CURRENT_VERSION = 1;
				DYLIB_INSTALL_NAME_BASE = "@rpath";
				INFOPLIST_FILE = GIFSet/Info.plist;
				INSTALL_PATH = "$(LOCAL_LIBRARY_DIR)/Frameworks";
				LD_RUNPATH_SEARCH_PATHS = "$(inherited) @executable_path/Frameworks @loader_path/Frameworks";
				PRODUCT_BUNDLE_IDENTIFIER = com.alfiehanssen.GIFSet;
				PRODUCT_NAME = "$(TARGET_NAME)";
				SKIP_INSTALL = YES;
			};
			name = Debug;
		};
		AF871F3A1CA2F443004C752C /* Release */ = {
			isa = XCBuildConfiguration;
			buildSettings = {
				DEFINES_MODULE = YES;
				DYLIB_COMPATIBILITY_VERSION = 1;
				DYLIB_CURRENT_VERSION = 1;
				DYLIB_INSTALL_NAME_BASE = "@rpath";
				INFOPLIST_FILE = GIFSet/Info.plist;
				INSTALL_PATH = "$(LOCAL_LIBRARY_DIR)/Frameworks";
				LD_RUNPATH_SEARCH_PATHS = "$(inherited) @executable_path/Frameworks @loader_path/Frameworks";
				PRODUCT_BUNDLE_IDENTIFIER = com.alfiehanssen.GIFSet;
				PRODUCT_NAME = "$(TARGET_NAME)";
				SKIP_INSTALL = YES;
			};
			name = Release;
		};
		AF871F3C1CA2F443004C752C /* Debug */ = {
			isa = XCBuildConfiguration;
			buildSettings = {
				INFOPLIST_FILE = GIFSetTests/Info.plist;
				LD_RUNPATH_SEARCH_PATHS = "$(inherited) @executable_path/Frameworks @loader_path/Frameworks";
				PRODUCT_BUNDLE_IDENTIFIER = com.alfiehanssen.GIFSetTests;
				PRODUCT_NAME = "$(TARGET_NAME)";
			};
			name = Debug;
		};
		AF871F3D1CA2F443004C752C /* Release */ = {
			isa = XCBuildConfiguration;
			buildSettings = {
				INFOPLIST_FILE = GIFSetTests/Info.plist;
				LD_RUNPATH_SEARCH_PATHS = "$(inherited) @executable_path/Frameworks @loader_path/Frameworks";
				PRODUCT_BUNDLE_IDENTIFIER = com.alfiehanssen.GIFSetTests;
				PRODUCT_NAME = "$(TARGET_NAME)";
			};
			name = Release;
		};
/* End XCBuildConfiguration section */

/* Begin XCConfigurationList section */
		AF871F1E1CA2F443004C752C /* Build configuration list for PBXProject "GIFSet" */ = {
			isa = XCConfigurationList;
			buildConfigurations = (
				AF871F361CA2F443004C752C /* Debug */,
				AF871F371CA2F443004C752C /* Release */,
			);
			defaultConfigurationIsVisible = 0;
			defaultConfigurationName = Release;
		};
		AF871F381CA2F443004C752C /* Build configuration list for PBXNativeTarget "GIFSet" */ = {
			isa = XCConfigurationList;
			buildConfigurations = (
				AF871F391CA2F443004C752C /* Debug */,
				AF871F3A1CA2F443004C752C /* Release */,
			);
			defaultConfigurationIsVisible = 0;
			defaultConfigurationName = Release;
		};
		AF871F3B1CA2F443004C752C /* Build configuration list for PBXNativeTarget "GIFSetTests" */ = {
			isa = XCConfigurationList;
			buildConfigurations = (
				AF871F3C1CA2F443004C752C /* Debug */,
				AF871F3D1CA2F443004C752C /* Release */,
			);
			defaultConfigurationIsVisible = 0;
			defaultConfigurationName = Release;
		};
/* End XCConfigurationList section */
	};
	rootObject = AF871F1B1CA2F443004C752C /* Project object */;
}
